{
	"name": "app",
	"version": "1.0.0",
	"lockfileVersion": 1,
	"requires": true,
	"dependencies": {
		"@shawnsandy/ideas": {
			"version": "0.0.19",
			"resolved": "https://registry.npmjs.org/@shawnsandy/ideas/-/ideas-0.0.19.tgz",
			"integrity": "sha512-QWGjHD1p0numtmUX7j5jIDkN1XYTR0VOss7gApplCmZH3KCiBMnVdftzzfYX4PRSGOqnlfCdnK2RKkaysaiyvw==",
			"dev": true
		},
		"@shawnsandy/mix": {
			"version": "0.6.1",
			"resolved": "https://registry.npmjs.org/@shawnsandy/mix/-/mix-0.6.1.tgz",
			"integrity": "sha512-Fy3zAdErYomBiK0l0iTdTdf0OazzVleoAG93npsnbPYYcPDZ1VPJl26QSwoQZu+tg6hY633qSX8u5YJpJi3aBQ==",
			"dev": true
		}
	}
}
